
Microsoft Visual Studio Solution File, Format Version 12.00
# Visual Studio Version 17
VisualStudioVersion = 17.5.33516.290
MinimumVisualStudioVersion = 10.0.40219.1
Project("{8BC9CEB8-8B4A-11D0-8D11-00A0C91BC942}") = "5- BIGcal", "5- BIGcal\5- BIGcal.vcxproj", "{90E494E5-12DC-4B4A-AC74-573714C1E384}"
EndProject
Global
	GlobalSection(SolutionConfigurationPlatforms) = preSolution
		Debug|x64 = Debug|x64
		Debug|x86 = Debug|x86
		Release|x64 = Release|x64
		Release|x86 = Release|x86
	EndGlobalSection
	GlobalSection(ProjectConfigurationPlatforms) = postSolution
		{90E494E5-12DC-4B4A-AC74-573714C1E384}.Debug|x64.ActiveCfg = Debug|x64
		{90E494E5-12DC-4B4A-AC74-573714C1E384}.Debug|x64.Build.0 = Debug|x64
		{90E494E5-12DC-4B4A-AC74-573714C1E384}.Debug|x86.ActiveCfg = Debug|Win32
		{90E494E5-12DC-4B4A-AC74-573714C1E384}.Debug|x86.Build.0 = Debug|Win32
		{90E494E5-12DC-4B4A-AC74-573714C1E384}.Release|x64.ActiveCfg = Release|x64
		{90E494E5-12DC-4B4A-AC74-573714C1E384}.Release|x64.Build.0 = Release|x64
		{90E494E5-12DC-4B4A-AC74-573714C1E384}.Release|x86.ActiveCfg = Release|Win32
		{90E494E5-12DC-4B4A-AC74-573714C1E384}.Release|x86.Build.0 = Release|Win32
	EndGlobalSection
	GlobalSection(SolutionProperties) = preSolution
		HideSolutionNode = FALSE
	EndGlobalSection
	GlobalSection(ExtensibilityGlobals) = postSolution
		SolutionGuid = {6F5B3670-6DF9-4EE2-80E7-348FD5CB6442}
	EndGlobalSection
EndGlobal
